hash: a7ba8819b0fbacb11c68196aad6180bc69488c1a424f05f916518a083f7af574
updated: 2019-08-21T23:49:52.761235+08:00
imports:
- name: github.com/BurntSushi/toml
  version: b26d9c308763d68093482582cea63d69be07a0f0
- name: github.com/devtoolkits/go-tsz
  version: db04f625fed1a7764c78c7eae903c2fa17276167
- name: github.com/dgryski/go-tsz
  version: 03b7d791f4fe79270d114e1ea6929332dbf028b7
  subpackages:
  - testdata
- name: github.com/gin-contrib/pprof
  version: a27513940d36b2d14ba3c3459216b28b807fe8bd
- name: github.com/gin-contrib/sse
  version: 22d885f9ecc78bf4ee5d72b937e4bbcdc58e8cae
- name: github.com/gin-gonic/gin
  version: 65a6dd46a50bd435597b5bcababd1b2a811c9073
  subpackages:
  - binding
  - render
- name: github.com/golang/protobuf
  version: 0a4f71a498b7c4812f64969510bcb4eca251e33a
  subpackages:
  - proto
- name: github.com/json-iterator/go
  version: ab8a2e0c74be9d3be70b3184d9acc634935ded82
- name: github.com/mattn/go-isatty
  version: 6ca4dbf54d38eea1a992b3c722a76a5d1c4cb25c
- name: github.com/modern-go/concurrent
  version: bacd9c7ef1dd9b15be4a9909b8ac7a4e313eec94
- name: github.com/modern-go/reflect2
  version: 0b92968f4be75033e2089fba355a691ea2e9c5cc
- name: github.com/ugorji/go
  version: b4c50a2b199d93b13dc15e78929cfb23bfdf21ab
  subpackages:
  - codec
- name: golang.org/x/sys
  version: 2281fa97ef7b0c26324634d5a22f04babdac8713
  subpackages:
  - unix
- name: gopkg.in/go-playground/validator.v8
  version: 5f57d2222ad794d0dffb07e664ea05e2ee07d60c
- name: gopkg.in/yaml.v2
  version: 1be3d31502d6eabc0dd7ce5b0daab022e14a5538
testImports: []
